
Microsoft Visual Studio Solution File, Format Version 9.00
# Visual Studio 2005
Project("{8BC9CEB8-8B4A-11D0-8D11-00A0C91BC942}") = "AnsiHello", "AnsiHello.vcproj", "{EF5F0B20-9782-4AE0-A513-B0575619056B}"
EndProject
Global
	GlobalSection(SolutionConfigurationPlatforms) = preSolution
		Debug|Win32 = Debug|Win32
		Release|Win32 = Release|Win32
	EndGlobalSection
	GlobalSection(ProjectConfigurationPlatforms) = postSolution
		{EF5F0B20-9782-4AE0-A513-B0575619056B}.Debug|Win32.ActiveCfg = Debug|Win32
		{EF5F0B20-9782-4AE0-A513-B0575619056B}.Debug|Win32.Build.0 = Debug|Win32
		{EF5F0B20-9782-4AE0-A513-B0575619056B}.Release|Win32.ActiveCfg = Release|Win32
		{EF5F0B20-9782-4AE0-A513-B0575619056B}.Release|Win32.Build.0 = Release|Win32
	EndGlobalSection
	GlobalSection(SolutionProperties) = preSolution
		HideSolutionNode = FALSE
	EndGlobalSection
EndGlobal
