
Microsoft Visual Studio Solution File, Format Version 9.00
# Visual Studio 2005
Project("{8BC9CEB8-8B4A-11D0-8D11-00A0C91BC942}") = "4_1", "4_1.vcproj", "{92D87B10-AB16-4688-94F1-B2424ED7A830}"
EndProject
Global
	GlobalSection(SolutionConfigurationPlatforms) = preSolution
		Debug|Win32 = Debug|Win32
		Release|Win32 = Release|Win32
	EndGlobalSection
	GlobalSection(ProjectConfigurationPlatforms) = postSolution
		{92D87B10-AB16-4688-94F1-B2424ED7A830}.Debug|Win32.ActiveCfg = Debug|Win32
		{92D87B10-AB16-4688-94F1-B2424ED7A830}.Debug|Win32.Build.0 = Debug|Win32
		{92D87B10-AB16-4688-94F1-B2424ED7A830}.Release|Win32.ActiveCfg = Release|Win32
		{92D87B10-AB16-4688-94F1-B2424ED7A830}.Release|Win32.Build.0 = Release|Win32
	EndGlobalSection
	GlobalSection(SolutionProperties) = preSolution
		HideSolutionNode = FALSE
	EndGlobalSection
EndGlobal
