
Microsoft Visual Studio Solution File, Format Version 9.00
# Visual Studio 2005
Project("{8BC9CEB8-8B4A-11D0-8D11-00A0C91BC942}") = "Set", "Set.vcproj", "{7E9FEE92-DEF6-4B7A-B867-A27BB2DEFFA6}"
EndProject
Global
	GlobalSection(SolutionConfigurationPlatforms) = preSolution
		Debug|Win32 = Debug|Win32
		Release|Win32 = Release|Win32
	EndGlobalSection
	GlobalSection(ProjectConfigurationPlatforms) = postSolution
		{7E9FEE92-DEF6-4B7A-B867-A27BB2DEFFA6}.Debug|Win32.ActiveCfg = Debug|Win32
		{7E9FEE92-DEF6-4B7A-B867-A27BB2DEFFA6}.Debug|Win32.Build.0 = Debug|Win32
		{7E9FEE92-DEF6-4B7A-B867-A27BB2DEFFA6}.Release|Win32.ActiveCfg = Release|Win32
		{7E9FEE92-DEF6-4B7A-B867-A27BB2DEFFA6}.Release|Win32.Build.0 = Release|Win32
	EndGlobalSection
	GlobalSection(SolutionProperties) = preSolution
		HideSolutionNode = FALSE
	EndGlobalSection
EndGlobal
