
Microsoft Visual Studio Solution File, Format Version 9.00
# Visual Studio 2005
Project("{8BC9CEB8-8B4A-11D0-8D11-00A0C91BC942}") = "Merge", "Merge.vcproj", "{9E425E9A-063A-4556-8F2F-07A544704E5D}"
EndProject
Global
	GlobalSection(SolutionConfigurationPlatforms) = preSolution
		Debug|Win32 = Debug|Win32
		Release|Win32 = Release|Win32
	EndGlobalSection
	GlobalSection(ProjectConfigurationPlatforms) = postSolution
		{9E425E9A-063A-4556-8F2F-07A544704E5D}.Debug|Win32.ActiveCfg = Debug|Win32
		{9E425E9A-063A-4556-8F2F-07A544704E5D}.Debug|Win32.Build.0 = Debug|Win32
		{9E425E9A-063A-4556-8F2F-07A544704E5D}.Release|Win32.ActiveCfg = Release|Win32
		{9E425E9A-063A-4556-8F2F-07A544704E5D}.Release|Win32.Build.0 = Release|Win32
	EndGlobalSection
	GlobalSection(SolutionProperties) = preSolution
		HideSolutionNode = FALSE
	EndGlobalSection
EndGlobal
