
Microsoft Visual Studio Solution File, Format Version 9.00
# Visual Studio 2005
Project("{8BC9CEB8-8B4A-11D0-8D11-00A0C91BC942}") = "BidirectionalIterator", "BidirectionalIterator.vcproj", "{8CAF86DC-1B84-4292-B51E-E24A454B6363}"
EndProject
Global
	GlobalSection(SolutionConfigurationPlatforms) = preSolution
		Debug|Win32 = Debug|Win32
		Release|Win32 = Release|Win32
	EndGlobalSection
	GlobalSection(ProjectConfigurationPlatforms) = postSolution
		{8CAF86DC-1B84-4292-B51E-E24A454B6363}.Debug|Win32.ActiveCfg = Debug|Win32
		{8CAF86DC-1B84-4292-B51E-E24A454B6363}.Debug|Win32.Build.0 = Debug|Win32
		{8CAF86DC-1B84-4292-B51E-E24A454B6363}.Release|Win32.ActiveCfg = Release|Win32
		{8CAF86DC-1B84-4292-B51E-E24A454B6363}.Release|Win32.Build.0 = Release|Win32
	EndGlobalSection
	GlobalSection(SolutionProperties) = preSolution
		HideSolutionNode = FALSE
	EndGlobalSection
EndGlobal
